version = 1
requires-python = ">=3.13"

[[package]]
name = "orjson"
version = "3.11.2"
source = { registry = "https://pypi.org/simple" }
sdist = { url = "https://files.pythonhosted.org/packages/df/1d/5e0ae38788bdf0721326695e65fdf41405ed535f633eb0df0f06f57552fa/orjson-3.11.2.tar.gz", hash = "sha256:91bdcf5e69a8fd8e8bdb3de32b31ff01d2bd60c1e8d5fe7d5afabdcf19920309", size = 5470739 }
wheels = [
    { url = "https://files.pythonhosted.org/packages/c2/f3/0dd6b4750eb556ae4e2c6a9cb3e219ec642e9c6d95f8ebe5dc9020c67204/orjson-3.11.2-cp313-cp313-macosx_10_15_x86_64.macosx_11_0_arm64.macosx_10_15_universal2.whl", hash = "sha256:a079fdba7062ab396380eeedb589afb81dc6683f07f528a03b6f7aae420a0219", size = 226419 },
    { url = "https://files.pythonhosted.org/packages/44/d5/e67f36277f78f2af8a4690e0c54da6b34169812f807fd1b4bfc4dbcf9558/orjson-3.11.2-cp313-cp313-macosx_15_0_arm64.whl", hash = "sha256:6a5f62ebbc530bb8bb4b1ead103647b395ba523559149b91a6c545f7cd4110ad", size = 115803 },
    { url = "https://files.pythonhosted.org/packages/24/37/ff8bc86e0dacc48f07c2b6e20852f230bf4435611bab65e3feae2b61f0ae/orjson-3.11.2-cp313-cp313-manylinux_2_17_aarch64.manylinux2014_aarch64.whl", hash = "sha256:d7df6c7b8b0931feb3420b72838c3e2ba98c228f7aa60d461bc050cf4ca5f7b2", size = 111337 },
    { url = "https://files.pythonhosted.org/packages/b9/25/37d4d3e8079ea9784ea1625029988e7f4594ce50d4738b0c1e2bf4a9e201/orjson-3.11.2-cp313-cp313-manylinux_2_17_armv7l.manylinux2014_armv7l.whl", hash = "sha256:6f59dfea7da1fced6e782bb3699718088b1036cb361f36c6e4dd843c5111aefe", size = 116222 },
    { url = "https://files.pythonhosted.org/packages/b7/32/a63fd9c07fce3b4193dcc1afced5dd4b0f3a24e27556604e9482b32189c9/orjson-3.11.2-cp313-cp313-manylinux_2_17_i686.manylinux2014_i686.whl", hash = "sha256:edf49146520fef308c31aa4c45b9925fd9c7584645caca7c0c4217d7900214ae", size = 119020 },
    { url = "https://files.pythonhosted.org/packages/b4/b6/400792b8adc3079a6b5d649264a3224d6342436d9fac9a0ed4abc9dc4596/orjson-3.11.2-cp313-cp313-manylinux_2_17_ppc64le.manylinux2014_ppc64le.whl", hash = "sha256:50995bbeb5d41a32ad15e023305807f561ac5dcd9bd41a12c8d8d1d2c83e44e6", size = 120721 },
    { url = "https://files.pythonhosted.org/packages/40/f3/31ab8f8c699eb9e65af8907889a0b7fef74c1d2b23832719a35da7bb0c58/orjson-3.11.2-cp313-cp313-manylinux_2_17_s390x.manylinux2014_s390x.whl", hash = "sha256:2cc42960515076eb639b705f105712b658c525863d89a1704d984b929b0577d1", size = 123574 },
    { url = "https://files.pythonhosted.org/packages/bd/a6/ce4287c412dff81878f38d06d2c80845709c60012ca8daf861cb064b4574/orjson-3.11.2-cp313-cp313-manylinux_2_17_x86_64.manylinux2014_x86_64.whl", hash = "sha256:c56777cab2a7b2a8ea687fedafb84b3d7fdafae382165c31a2adf88634c432fa", size = 121225 },
    { url = "https://files.pythonhosted.org/packages/69/b0/7a881b2aef4fed0287d2a4fbb029d01ed84fa52b4a68da82bdee5e50598e/orjson-3.11.2-cp313-cp313-musllinux_1_2_aarch64.whl", hash = "sha256:07349e88025b9b5c783077bf7a9f401ffbfb07fd20e86ec6fc5b7432c28c2c5e", size = 119201 },
    { url = "https://files.pythonhosted.org/packages/cf/98/a325726b37f7512ed6338e5e65035c3c6505f4e628b09a5daf0419f054ea/orjson-3.11.2-cp313-cp313-musllinux_1_2_armv7l.whl", hash = "sha256:45841fbb79c96441a8c58aa29ffef570c5df9af91f0f7a9572e5505e12412f15", size = 392193 },
    { url = "https://files.pythonhosted.org/packages/cb/4f/a7194f98b0ce1d28190e0c4caa6d091a3fc8d0107ad2209f75c8ba398984/orjson-3.11.2-cp313-cp313-musllinux_1_2_i686.whl", hash = "sha256:13d8d8db6cd8d89d4d4e0f4161acbbb373a4d2a4929e862d1d2119de4aa324ac", size = 134548 },
    { url = "https://files.pythonhosted.org/packages/e8/5e/b84caa2986c3f472dc56343ddb0167797a708a8d5c3be043e1e2677b55df/orjson-3.11.2-cp313-cp313-musllinux_1_2_x86_64.whl", hash = "sha256:51da1ee2178ed09c00d09c1b953e45846bbc16b6420965eb7a913ba209f606d8", size = 123798 },
    { url = "https://files.pythonhosted.org/packages/9c/5b/e398449080ce6b4c8fcadad57e51fa16f65768e1b142ba90b23ac5d10801/orjson-3.11.2-cp313-cp313-win32.whl", hash = "sha256:51dc033df2e4a4c91c0ba4f43247de99b3cbf42ee7a42ee2b2b2f76c8b2f2cb5", size = 124402 },
    { url = "https://files.pythonhosted.org/packages/b3/66/429e4608e124debfc4790bfc37131f6958e59510ba3b542d5fc163be8e5f/orjson-3.11.2-cp313-cp313-win_amd64.whl", hash = "sha256:29d91d74942b7436f29b5d1ed9bcfc3f6ef2d4f7c4997616509004679936650d", size = 119498 },
    { url = "https://files.pythonhosted.org/packages/7b/04/f8b5f317cce7ad3580a9ad12d7e2df0714dfa8a83328ecddd367af802f5b/orjson-3.11.2-cp313-cp313-win_arm64.whl", hash = "sha256:4ca4fb5ac21cd1e48028d4f708b1bb13e39c42d45614befd2ead004a8bba8535", size = 114051 },
    { url = "https://files.pythonhosted.org/packages/74/83/2c363022b26c3c25b3708051a19d12f3374739bb81323f05b284392080c0/orjson-3.11.2-cp314-cp314-macosx_10_15_x86_64.macosx_11_0_arm64.macosx_10_15_universal2.whl", hash = "sha256:3dcba7101ea6a8d4ef060746c0f2e7aa8e2453a1012083e1ecce9726d7554cb7", size = 226406 },
    { url = "https://files.pythonhosted.org/packages/b0/a7/aa3c973de0b33fc93b4bd71691665ffdfeae589ea9d0625584ab10a7d0f5/orjson-3.11.2-cp314-cp314-macosx_15_0_arm64.whl", hash = "sha256:15d17bdb76a142e1f55d91913e012e6e6769659daa6bfef3ef93f11083137e81", size = 115788 },
    { url = "https://files.pythonhosted.org/packages/ef/f2/e45f233dfd09fdbb052ec46352363dca3906618e1a2b264959c18f809d0b/orjson-3.11.2-cp314-cp314-manylinux_2_34_aarch64.whl", hash = "sha256:53c9e81768c69d4b66b8876ec3c8e431c6e13477186d0db1089d82622bccd19f", size = 111318 },
    { url = "https://files.pythonhosted.org/packages/3e/23/cf5a73c4da6987204cbbf93167f353ff0c5013f7c5e5ef845d4663a366da/orjson-3.11.2-cp314-cp314-manylinux_2_34_x86_64.whl", hash = "sha256:d4f13af59a7b84c1ca6b8a7ab70d608f61f7c44f9740cd42409e6ae7b6c8d8b7", size = 121231 },
    { url = "https://files.pythonhosted.org/packages/40/1d/47468a398ae68a60cc21e599144e786e035bb12829cb587299ecebc088f1/orjson-3.11.2-cp314-cp314-musllinux_1_2_aarch64.whl", hash = "sha256:bde64aa469b5ee46cc960ed241fae3721d6a8801dacb2ca3466547a2535951e4", size = 119204 },
    { url = "https://files.pythonhosted.org/packages/4d/d9/f99433d89b288b5bc8836bffb32a643f805e673cf840ef8bab6e73ced0d1/orjson-3.11.2-cp314-cp314-musllinux_1_2_armv7l.whl", hash = "sha256:b5ca86300aeb383c8fa759566aca065878d3d98c3389d769b43f0a2e84d52c5f", size = 392237 },
    { url = "https://files.pythonhosted.org/packages/d4/dc/1b9d80d40cebef603325623405136a29fb7d08c877a728c0943dd066c29a/orjson-3.11.2-cp314-cp314-musllinux_1_2_i686.whl", hash = "sha256:24e32a558ebed73a6a71c8f1cbc163a7dd5132da5270ff3d8eeb727f4b6d1bc7", size = 134578 },
    { url = "https://files.pythonhosted.org/packages/45/b3/72e7a4c5b6485ef4e83ef6aba7f1dd041002bad3eb5d1d106ca5b0fc02c6/orjson-3.11.2-cp314-cp314-musllinux_1_2_x86_64.whl", hash = "sha256:e36319a5d15b97e4344110517450396845cc6789aed712b1fbf83c1bd95792f6", size = 123799 },
    { url = "https://files.pythonhosted.org/packages/c8/3e/a3d76b392e7acf9b34dc277171aad85efd6accc75089bb35b4c614990ea9/orjson-3.11.2-cp314-cp314-win32.whl", hash = "sha256:40193ada63fab25e35703454d65b6afc71dbc65f20041cb46c6d91709141ef7f", size = 124461 },
    { url = "https://files.pythonhosted.org/packages/fb/e3/75c6a596ff8df9e4a5894813ff56695f0a218e6ea99420b4a645c4f7795d/orjson-3.11.2-cp314-cp314-win_amd64.whl", hash = "sha256:7c8ac5f6b682d3494217085cf04dadae66efee45349ad4ee2a1da3c97e2305a8", size = 119494 },
    { url = "https://files.pythonhosted.org/packages/5b/3d/9e74742fc261c5ca473c96bb3344d03995869e1dc6402772c60afb97736a/orjson-3.11.2-cp314-cp314-win_arm64.whl", hash = "sha256:21cf261e8e79284242e4cb1e5924df16ae28255184aafeff19be1405f6d33f67", size = 114046 },
]

[[package]]
name = "websocket-python"
version = "0.1.0"
source = { virtual = "." }
dependencies = [
    { name = "orjson" },
    { name = "websockets" },
]

[package.metadata]
requires-dist = [
    { name = "orjson", specifier = ">=3.11.2" },
    { name = "websockets", specifier = ">=15.0.1" },
]

[[package]]
name = "websockets"
version = "15.0.1"
source = { registry = "https://pypi.org/simple" }
sdist = { url = "https://files.pythonhosted.org/packages/21/e6/26d09fab466b7ca9c7737474c52be4f76a40301b08362eb2dbc19dcc16c1/websockets-15.0.1.tar.gz", hash = "sha256:82544de02076bafba038ce055ee6412d68da13ab47f0c60cab827346de828dee", size = 177016 }
wheels = [
    { url = "https://files.pythonhosted.org/packages/cb/9f/51f0cf64471a9d2b4d0fc6c534f323b664e7095640c34562f5182e5a7195/websockets-15.0.1-cp313-cp313-macosx_10_13_universal2.whl", hash = "sha256:ee443ef070bb3b6ed74514f5efaa37a252af57c90eb33b956d35c8e9c10a1931", size = 175440 },
    { url = "https://files.pythonhosted.org/packages/8a/05/aa116ec9943c718905997412c5989f7ed671bc0188ee2ba89520e8765d7b/websockets-15.0.1-cp313-cp313-macosx_10_13_x86_64.whl", hash = "sha256:5a939de6b7b4e18ca683218320fc67ea886038265fd1ed30173f5ce3f8e85675", size = 173098 },
    { url = "https://files.pythonhosted.org/packages/ff/0b/33cef55ff24f2d92924923c99926dcce78e7bd922d649467f0eda8368923/websockets-15.0.1-cp313-cp313-macosx_11_0_arm64.whl", hash = "sha256:746ee8dba912cd6fc889a8147168991d50ed70447bf18bcda7039f7d2e3d9151", size = 173329 },
    { url = "https://files.pythonhosted.org/packages/31/1d/063b25dcc01faa8fada1469bdf769de3768b7044eac9d41f734fd7b6ad6d/websockets-15.0.1-cp313-cp313-manylinux_2_17_aarch64.manylinux2014_aarch64.whl", hash = "sha256:595b6c3969023ecf9041b2936ac3827e4623bfa3ccf007575f04c5a6aa318c22", size = 183111 },
    { url = "https://files.pythonhosted.org/packages/93/53/9a87ee494a51bf63e4ec9241c1ccc4f7c2f45fff85d5bde2ff74fcb68b9e/websockets-15.0.1-cp313-cp313-manylinux_2_5_i686.manylinux1_i686.manylinux_2_17_i686.manylinux2014_i686.whl", hash = "sha256:3c714d2fc58b5ca3e285461a4cc0c9a66bd0e24c5da9911e30158286c9b5be7f", size = 182054 },
    { url = "https://files.pythonhosted.org/packages/ff/b2/83a6ddf56cdcbad4e3d841fcc55d6ba7d19aeb89c50f24dd7e859ec0805f/websockets-15.0.1-cp313-cp313-manylinux_2_5_x86_64.manylinux1_x86_64.manylinux_2_17_x86_64.manylinux2014_x86_64.whl", hash = "sha256:0f3c1e2ab208db911594ae5b4f79addeb3501604a165019dd221c0bdcabe4db8", size = 182496 },
    { url = "https://files.pythonhosted.org/packages/98/41/e7038944ed0abf34c45aa4635ba28136f06052e08fc2168520bb8b25149f/websockets-15.0.1-cp313-cp313-musllinux_1_2_aarch64.whl", hash = "sha256:229cf1d3ca6c1804400b0a9790dc66528e08a6a1feec0d5040e8b9eb14422375", size = 182829 },
    { url = "https://files.pythonhosted.org/packages/e0/17/de15b6158680c7623c6ef0db361da965ab25d813ae54fcfeae2e5b9ef910/websockets-15.0.1-cp313-cp313-musllinux_1_2_i686.whl", hash = "sha256:756c56e867a90fb00177d530dca4b097dd753cde348448a1012ed6c5131f8b7d", size = 182217 },
    { url = "https://files.pythonhosted.org/packages/33/2b/1f168cb6041853eef0362fb9554c3824367c5560cbdaad89ac40f8c2edfc/websockets-15.0.1-cp313-cp313-musllinux_1_2_x86_64.whl", hash = "sha256:558d023b3df0bffe50a04e710bc87742de35060580a293c2a984299ed83bc4e4", size = 182195 },
    { url = "https://files.pythonhosted.org/packages/86/eb/20b6cdf273913d0ad05a6a14aed4b9a85591c18a987a3d47f20fa13dcc47/websockets-15.0.1-cp313-cp313-win32.whl", hash = "sha256:ba9e56e8ceeeedb2e080147ba85ffcd5cd0711b89576b83784d8605a7df455fa", size = 176393 },
    { url = "https://files.pythonhosted.org/packages/1b/6c/c65773d6cab416a64d191d6ee8a8b1c68a09970ea6909d16965d26bfed1e/websockets-15.0.1-cp313-cp313-win_amd64.whl", hash = "sha256:e09473f095a819042ecb2ab9465aee615bd9c2028e4ef7d933600a8401c79561", size = 176837 },
    { url = "https://files.pythonhosted.org/packages/fa/a8/5b41e0da817d64113292ab1f8247140aac61cbf6cfd085d6a0fa77f4984f/websockets-15.0.1-py3-none-any.whl", hash = "sha256:f7a866fbc1e97b5c617ee4116daaa09b722101d4a3c170c787450ba409f9736f", size = 169743 },
]
